
Microsoft Visual Studio Solution File, Format Version 12.00
# Visual Studio 15
VisualStudioVersion = 15.0.27703.2018
MinimumVisualStudioVersion = 10.0.40219.1
Project("{FAE04EC0-301F-11D3-BF4B-00C04F79EFBC}") = "Howling-LoaderV3", "Howling-LoaderV3\Howling-LoaderV3.csproj", "{5CC8C378-794D-419A-A141-FD7D1642F988}"
EndProject
Global
	GlobalSection(SolutionConfigurationPlatforms) = preSolution
		Debug|Any CPU = Debug|Any CPU
		Release|Any CPU = Release|Any CPU
	EndGlobalSection
	GlobalSection(ProjectConfigurationPlatforms) = postSolution
		{5CC8C378-794D-419A-A141-FD7D1642F988}.Debug|Any CPU.ActiveCfg = Debug|Any CPU
		{5CC8C378-794D-419A-A141-FD7D1642F988}.Debug|Any CPU.Build.0 = Debug|Any CPU
		{5CC8C378-794D-419A-A141-FD7D1642F988}.Release|Any CPU.ActiveCfg = Release|Any CPU
		{5CC8C378-794D-419A-A141-FD7D1642F988}.Release|Any CPU.Build.0 = Release|Any CPU
	EndGlobalSection
	GlobalSection(SolutionProperties) = preSolution
		HideSolutionNode = FALSE
	EndGlobalSection
	GlobalSection(ExtensibilityGlobals) = postSolution
		SolutionGuid = {29E0979C-F96D-4044-A577-0DB1067648A9}
	EndGlobalSection
EndGlobal
